// !$*UTF8*$!
{
	archiveVersion = 1;
	classes = {
	};
	objectVersion = 56;
	objects = {

/* Begin PBXBuildFile section */
		25113E6929DDD91500991DB9 /* Color.swift in Sources */ = {isa = PBXBuildFile; fileRef = 25113E6829DDD91500991DB9 /* Color.swift */; };
		25113E6B29DDEBEC00991DB9 /* OnboardingView.swift in Sources */ = {isa = PBXBuildFile; fileRef = 25113E6A29DDEBEC00991DB9 /* OnboardingView.swift */; };
		25113E6D29DF364300991DB9 /* RegisterPage.swift in Sources */ = {isa = PBXBuildFile; fileRef = 25113E6C29DF364300991DB9 /* RegisterPage.swift */; };
		25113E7229E0860B00991DB9 /* Textfield.swift in Sources */ = {isa = PBXBuildFile; fileRef = 25113E7129E0860B00991DB9 /* Textfield.swift */; };
		25113E7429E0868100991DB9 /* InputIncomeView.swift in Sources */ = {isa = PBXBuildFile; fileRef = 25113E7329E0868100991DB9 /* InputIncomeView.swift */; };
		25113E7629E2BAB200991DB9 /* SetupBudgetView.swift in Sources */ = {isa = PBXBuildFile; fileRef = 25113E7529E2BAB200991DB9 /* SetupBudgetView.swift */; };
		25113E7929EB4D4B00991DB9 /* SisaUangCardView.swift in Sources */ = {isa = PBXBuildFile; fileRef = 25113E7829EB4D4B00991DB9 /* SisaUangCardView.swift */; };
		25113E7B29EB4E6F00991DB9 /* RecommendationCardView.swift in Sources */ = {isa = PBXBuildFile; fileRef = 25113E7A29EB4E6F00991DB9 /* RecommendationCardView.swift */; };
		25113E7D29EB4F8F00991DB9 /* MainScreen.swift in Sources */ = {isa = PBXBuildFile; fileRef = 25113E7C29EB4F8F00991DB9 /* MainScreen.swift */; };
		25113E8129EB515700991DB9 /* AddExpenseMainView.swift in Sources */ = {isa = PBXBuildFile; fileRef = 25113E8029EB515700991DB9 /* AddExpenseMainView.swift */; };
		25113E8329EB523700991DB9 /* CardView.swift in Sources */ = {isa = PBXBuildFile; fileRef = 25113E8229EB523700991DB9 /* CardView.swift */; };
		25113E8529EC79C300991DB9 /* ReportsView.swift in Sources */ = {isa = PBXBuildFile; fileRef = 25113E8429EC79C300991DB9 /* ReportsView.swift */; };
		2525DBA229D4AA080083AB91 /* FirebaseAppCheck in Frameworks */ = {isa = PBXBuildFile; productRef = 2525DBA129D4AA080083AB91 /* FirebaseAppCheck */; };
		2525DBA429D4AA080083AB91 /* FirebaseAppDistribution-Beta in Frameworks */ = {isa = PBXBuildFile; productRef = 2525DBA329D4AA080083AB91 /* FirebaseAppDistribution-Beta */; };
		2525DBA629D4AA080083AB91 /* FirebaseAuth in Frameworks */ = {isa = PBXBuildFile; productRef = 2525DBA529D4AA080083AB91 /* FirebaseAuth */; };
		2525DBA829D4AA080083AB91 /* FirebaseAuthCombine-Community in Frameworks */ = {isa = PBXBuildFile; productRef = 2525DBA729D4AA080083AB91 /* FirebaseAuthCombine-Community */; };
		2525DBAA29D4AA080083AB91 /* FirebaseDatabase in Frameworks */ = {isa = PBXBuildFile; productRef = 2525DBA929D4AA080083AB91 /* FirebaseDatabase */; };
		2525DBAC29D4AA080083AB91 /* FirebaseDatabaseSwift in Frameworks */ = {isa = PBXBuildFile; productRef = 2525DBAB29D4AA080083AB91 /* FirebaseDatabaseSwift */; };
		2525DBAE29D4AA080083AB91 /* FirebaseFirestore in Frameworks */ = {isa = PBXBuildFile; productRef = 2525DBAD29D4AA080083AB91 /* FirebaseFirestore */; };
		2525DBB029D4AA080083AB91 /* FirebaseFirestoreCombine-Community in Frameworks */ = {isa = PBXBuildFile; productRef = 2525DBAF29D4AA080083AB91 /* FirebaseFirestoreCombine-Community */; };
		2525DBB229D4AA080083AB91 /* FirebaseFirestoreSwift in Frameworks */ = {isa = PBXBuildFile; productRef = 2525DBB129D4AA080083AB91 /* FirebaseFirestoreSwift */; };
		2525DBB429D4AA080083AB91 /* FirebaseStorage in Frameworks */ = {isa = PBXBuildFile; productRef = 2525DBB329D4AA080083AB91 /* FirebaseStorage */; };
		2525DBB629D4AA080083AB91 /* FirebaseStorageCombine-Community in Frameworks */ = {isa = PBXBuildFile; productRef = 2525DBB529D4AA080083AB91 /* FirebaseStorageCombine-Community */; };
		2525DBBC29D4AD3E0083AB91 /* LoginPage.swift in Sources */ = {isa = PBXBuildFile; fileRef = 2525DBBB29D4AD3E0083AB91 /* LoginPage.swift */; };
		253C02DC2A06B2800085058C /* ReportCardView.swift in Sources */ = {isa = PBXBuildFile; fileRef = 253C02DB2A06B2800085058C /* ReportCardView.swift */; };
		253C02E12A06BCE70085058C /* AddBudgetModalView.swift in Sources */ = {isa = PBXBuildFile; fileRef = 253C02E02A06BCE70085058C /* AddBudgetModalView.swift */; };
		253C02E32A06D8550085058C /* CardExpensesView.swift in Sources */ = {isa = PBXBuildFile; fileRef = 253C02E22A06D8550085058C /* CardExpensesView.swift */; };
		2594AE612A04342D0067B752 /* GoogleService-Info.plist in Resources */ = {isa = PBXBuildFile; fileRef = 2594AE602A04342D0067B752 /* GoogleService-Info.plist */; };
		25A4AFEB29C44575001227BB /* Liko_TAApp.swift in Sources */ = {isa = PBXBuildFile; fileRef = 25A4AFEA29C44575001227BB /* Liko_TAApp.swift */; };
		25A4AFED29C44575001227BB /* ContentView.swift in Sources */ = {isa = PBXBuildFile; fileRef = 25A4AFEC29C44575001227BB /* ContentView.swift */; };
		25A4AFEF29C44576001227BB /* Assets.xcassets in Resources */ = {isa = PBXBuildFile; fileRef = 25A4AFEE29C44576001227BB /* Assets.xcassets */; };
		25A4AFF229C44576001227BB /* Preview Assets.xcassets in Resources */ = {isa = PBXBuildFile; fileRef = 25A4AFF129C44576001227BB /* Preview Assets.xcassets */; };
		25A4AFFC29C44576001227BB /* Liko_TATests.swift in Sources */ = {isa = PBXBuildFile; fileRef = 25A4AFFB29C44576001227BB /* Liko_TATests.swift */; };
		25A4B00629C44576001227BB /* Liko_TAUITests.swift in Sources */ = {isa = PBXBuildFile; fileRef = 25A4B00529C44576001227BB /* Liko_TAUITests.swift */; };
		25A4B00829C44576001227BB /* Liko_TAUITestsLaunchTests.swift in Sources */ = {isa = PBXBuildFile; fileRef = 25A4B00729C44576001227BB /* Liko_TAUITestsLaunchTests.swift */; };
/* End PBXBuildFile section */

/* Begin PBXContainerItemProxy section */
		25A4AFF829C44576001227BB /* PBXContainerItemProxy */ = {
			isa = PBXContainerItemProxy;
			containerPortal = 25A4AFDF29C44575001227BB /* Project object */;
			proxyType = 1;
			remoteGlobalIDString = 25A4AFE629C44575001227BB;
			remoteInfo = Liko_TA;
		};
		25A4B00229C44576001227BB /* PBXContainerItemProxy */ = {
			isa = PBXContainerItemProxy;
			containerPortal = 25A4AFDF29C44575001227BB /* Project object */;
			proxyType = 1;
			remoteGlobalIDString = 25A4AFE629C44575001227BB;
			remoteInfo = Liko_TA;
		};
/* End PBXContainerItemProxy section */

/* Begin PBXFileReference section */
		25113E6829DDD91500991DB9 /* Color.swift */ = {isa = PBXFileReference; lastKnownFileType = sourcecode.swift; path = Color.swift; sourceTree = "<group>"; };
		25113E6A29DDEBEC00991DB9 /* OnboardingView.swift */ = {isa = PBXFileReference; lastKnownFileType = sourcecode.swift; path = OnboardingView.swift; sourceTree = "<group>"; };
		25113E6C29DF364300991DB9 /* RegisterPage.swift */ = {isa = PBXFileReference; lastKnownFileType = sourcecode.swift; path = RegisterPage.swift; sourceTree = "<group>"; };
		25113E7129E0860B00991DB9 /* Textfield.swift */ = {isa = PBXFileReference; lastKnownFileType = sourcecode.swift; path = Textfield.swift; sourceTree = "<group>"; };
		25113E7329E0868100991DB9 /* InputIncomeView.swift */ = {isa = PBXFileReference; lastKnownFileType = sourcecode.swift; path = InputIncomeView.swift; sourceTree = "<group>"; };
		25113E7529E2BAB200991DB9 /* SetupBudgetView.swift */ = {isa = PBXFileReference; lastKnownFileType = sourcecode.swift; path = SetupBudgetView.swift; sourceTree = "<group>"; };
		25113E7829EB4D4B00991DB9 /* SisaUangCardView.swift */ = {isa = PBXFileReference; lastKnownFileType = sourcecode.swift; path = SisaUangCardView.swift; sourceTree = "<group>"; };
		25113E7A29EB4E6F00991DB9 /* RecommendationCardView.swift */ = {isa = PBXFileReference; lastKnownFileType = sourcecode.swift; path = RecommendationCardView.swift; sourceTree = "<group>"; };
		25113E7C29EB4F8F00991DB9 /* MainScreen.swift */ = {isa = PBXFileReference; lastKnownFileType = sourcecode.swift; path = MainScreen.swift; sourceTree = "<group>"; };
		25113E8029EB515700991DB9 /* AddExpenseMainView.swift */ = {isa = PBXFileReference; lastKnownFileType = sourcecode.swift; path = AddExpenseMainView.swift; sourceTree = "<group>"; };
		25113E8229EB523700991DB9 /* CardView.swift */ = {isa = PBXFileReference; lastKnownFileType = sourcecode.swift; path = CardView.swift; sourceTree = "<group>"; };
		25113E8429EC79C300991DB9 /* ReportsView.swift */ = {isa = PBXFileReference; lastKnownFileType = sourcecode.swift; path = ReportsView.swift; sourceTree = "<group>"; };
		2525DBBB29D4AD3E0083AB91 /* LoginPage.swift */ = {isa = PBXFileReference; lastKnownFileType = sourcecode.swift; path = LoginPage.swift; sourceTree = "<group>"; };
		253C02DB2A06B2800085058C /* ReportCardView.swift */ = {isa = PBXFileReference; lastKnownFileType = sourcecode.swift; path = ReportCardView.swift; sourceTree = "<group>"; };
		253C02E02A06BCE70085058C /* AddBudgetModalView.swift */ = {isa = PBXFileReference; lastKnownFileType = sourcecode.swift; path = AddBudgetModalView.swift; sourceTree = "<group>"; };
		253C02E22A06D8550085058C /* CardExpensesView.swift */ = {isa = PBXFileReference; lastKnownFileType = sourcecode.swift; path = CardExpensesView.swift; sourceTree = "<group>"; };
		2594AE602A04342D0067B752 /* GoogleService-Info.plist */ = {isa = PBXFileReference; fileEncoding = 4; lastKnownFileType = text.plist.xml; name = "GoogleService-Info.plist"; path = "../../../../Downloads/GoogleService-Info.plist"; sourceTree = "<group>"; };
		25A4AFE729C44575001227BB /* Liko_TA.app */ = {isa = PBXFileReference; explicitFileType = wrapper.application; includeInIndex = 0; path = Liko_TA.app; sourceTree = BUILT_PRODUCTS_DIR; };
		25A4AFEA29C44575001227BB /* Liko_TAApp.swift */ = {isa = PBXFileReference; lastKnownFileType = sourcecode.swift; path = Liko_TAApp.swift; sourceTree = "<group>"; };
		25A4AFEC29C44575001227BB /* ContentView.swift */ = {isa = PBXFileReference; lastKnownFileType = sourcecode.swift; path = ContentView.swift; sourceTree = "<group>"; };
		25A4AFEE29C44576001227BB /* Assets.xcassets */ = {isa = PBXFileReference; lastKnownFileType = folder.assetcatalog; path = Assets.xcassets; sourceTree = "<group>"; };
		25A4AFF129C44576001227BB /* Preview Assets.xcassets */ = {isa = PBXFileReference; lastKnownFileType = folder.assetcatalog; path = "Preview Assets.xcassets"; sourceTree = "<group>"; };
		25A4AFF729C44576001227BB /* Liko_TATests.xctest */ = {isa = PBXFileReference; explicitFileType = wrapper.cfbundle; includeInIndex = 0; path = Liko_TATests.xctest; sourceTree = BUILT_PRODUCTS_DIR; };
		25A4AFFB29C44576001227BB /* Liko_TATests.swift */ = {isa = PBXFileReference; lastKnownFileType = sourcecode.swift; path = Liko_TATests.swift; sourceTree = "<group>"; };
		25A4B00129C44576001227BB /* Liko_TAUITests.xctest */ = {isa = PBXFileReference; explicitFileType = wrapper.cfbundle; includeInIndex = 0; path = Liko_TAUITests.xctest; sourceTree = BUILT_PRODUCTS_DIR; };
		25A4B00529C44576001227BB /* Liko_TAUITests.swift */ = {isa = PBXFileReference; lastKnownFileType = sourcecode.swift; path = Liko_TAUITests.swift; sourceTree = "<group>"; };
		25A4B00729C44576001227BB /* Liko_TAUITestsLaunchTests.swift */ = {isa = PBXFileReference; lastKnownFileType = sourcecode.swift; path = Liko_TAUITestsLaunchTests.swift; sourceTree = "<group>"; };
/* End PBXFileReference section */

/* Begin PBXFrameworksBuildPhase section */
		25A4AFE429C44575001227BB /* Frameworks */ = {
			isa = PBXFrameworksBuildPhase;
			buildActionMask = 2147483647;
			files = (
				2525DBB629D4AA080083AB91 /* FirebaseStorageCombine-Community in Frameworks */,
				2525DBAC29D4AA080083AB91 /* FirebaseDatabaseSwift in Frameworks */,
				2525DBB029D4AA080083AB91 /* FirebaseFirestoreCombine-Community in Frameworks */,
				2525DBAA29D4AA080083AB91 /* FirebaseDatabase in Frameworks */,
				2525DBB429D4AA080083AB91 /* FirebaseStorage in Frameworks */,
				2525DBA229D4AA080083AB91 /* FirebaseAppCheck in Frameworks */,
				2525DBA629D4AA080083AB91 /* FirebaseAuth in Frameworks */,
				2525DBA429D4AA080083AB91 /* FirebaseAppDistribution-Beta in Frameworks */,
				2525DBA829D4AA080083AB91 /* FirebaseAuthCombine-Community in Frameworks */,
				2525DBAE29D4AA080083AB91 /* FirebaseFirestore in Frameworks */,
				2525DBB229D4AA080083AB91 /* FirebaseFirestoreSwift in Frameworks */,
			);
			runOnlyForDeploymentPostprocessing = 0;
		};
		25A4AFF429C44576001227BB /* Frameworks */ = {
			isa = PBXFrameworksBuildPhase;
			buildActionMask = 2147483647;
			files = (
			);
			runOnlyForDeploymentPostprocessing = 0;
		};
		25A4AFFE29C44576001227BB /* Frameworks */ = {
			isa = PBXFrameworksBuildPhase;
			buildActionMask = 2147483647;
			files = (
			);
			runOnlyForDeploymentPostprocessing = 0;
		};
/* End PBXFrameworksBuildPhase section */

/* Begin PBXGroup section */
		25113E6629DDD8EF00991DB9 /* utils */ = {
			isa = PBXGroup;
			children = (
				25113E6729DDD8F700991DB9 /* extension */,
				25113E7129E0860B00991DB9 /* Textfield.swift */,
			);
			path = utils;
			sourceTree = "<group>";
		};
		25113E6729DDD8F700991DB9 /* extension */ = {
			isa = PBXGroup;
			children = (
				25113E6829DDD91500991DB9 /* Color.swift */,
			);
			path = extension;
			sourceTree = "<group>";
		};
		25113E7729EB4C9300991DB9 /* Component */ = {
			isa = PBXGroup;
			children = (
				25113E7829EB4D4B00991DB9 /* SisaUangCardView.swift */,
				25113E7A29EB4E6F00991DB9 /* RecommendationCardView.swift */,
				25113E8229EB523700991DB9 /* CardView.swift */,
				253C02DB2A06B2800085058C /* ReportCardView.swift */,
				253C02E22A06D8550085058C /* CardExpensesView.swift */,
			);
			path = Component;
			sourceTree = "<group>";
		};
		25113E7E29EB511400991DB9 /* New Group */ = {
			isa = PBXGroup;
			children = (
			);
			path = "New Group";
			sourceTree = "<group>";
		};
		25113E7F29EB513700991DB9 /* modal */ = {
			isa = PBXGroup;
			children = (
				25113E8029EB515700991DB9 /* AddExpenseMainView.swift */,
				253C02E02A06BCE70085058C /* AddBudgetModalView.swift */,
			);
			path = modal;
			sourceTree = "<group>";
		};
		2525DBBA29D4AD250083AB91 /* View */ = {
			isa = PBXGroup;
			children = (
				25113E7F29EB513700991DB9 /* modal */,
				2525DBBB29D4AD3E0083AB91 /* LoginPage.swift */,
				25113E6A29DDEBEC00991DB9 /* OnboardingView.swift */,
				25113E6C29DF364300991DB9 /* RegisterPage.swift */,
				25113E7329E0868100991DB9 /* InputIncomeView.swift */,
				25113E7529E2BAB200991DB9 /* SetupBudgetView.swift */,
				25113E7C29EB4F8F00991DB9 /* MainScreen.swift */,
				25113E8429EC79C300991DB9 /* ReportsView.swift */,
			);
			path = View;
			sourceTree = "<group>";
		};
		25A4AFDE29C44575001227BB = {
			isa = PBXGroup;
			children = (
				25A4AFE929C44575001227BB /* Liko_TA */,
				25A4AFFA29C44576001227BB /* Liko_TATests */,
				25A4B00429C44576001227BB /* Liko_TAUITests */,
				25A4AFE829C44575001227BB /* Products */,
			);
			sourceTree = "<group>";
		};
		25A4AFE829C44575001227BB /* Products */ = {
			isa = PBXGroup;
			children = (
				25A4AFE729C44575001227BB /* Liko_TA.app */,
				25A4AFF729C44576001227BB /* Liko_TATests.xctest */,
				25A4B00129C44576001227BB /* Liko_TAUITests.xctest */,
			);
			name = Products;
			sourceTree = "<group>";
		};
		25A4AFE929C44575001227BB /* Liko_TA */ = {
			isa = PBXGroup;
			children = (
				2594AE602A04342D0067B752 /* GoogleService-Info.plist */,
				25113E7E29EB511400991DB9 /* New Group */,
				25113E7729EB4C9300991DB9 /* Component */,
				25113E6629DDD8EF00991DB9 /* utils */,
				2525DBBA29D4AD250083AB91 /* View */,
				25A4AFEA29C44575001227BB /* Liko_TAApp.swift */,
				25A4AFEC29C44575001227BB /* ContentView.swift */,
				25A4AFEE29C44576001227BB /* Assets.xcassets */,
				25A4AFF029C44576001227BB /* Preview Content */,
			);
			path = Liko_TA;
			sourceTree = "<group>";
		};
		25A4AFF029C44576001227BB /* Preview Content */ = {
			isa = PBXGroup;
			children = (
				25A4AFF129C44576001227BB /* Preview Assets.xcassets */,
			);
			path = "Preview Content";
			sourceTree = "<group>";
		};
		25A4AFFA29C44576001227BB /* Liko_TATests */ = {
			isa = PBXGroup;
			children = (
				25A4AFFB29C44576001227BB /* Liko_TATests.swift */,
			);
			path = Liko_TATests;
			sourceTree = "<group>";
		};
		25A4B00429C44576001227BB /* Liko_TAUITests */ = {
			isa = PBXGroup;
			children = (
				25A4B00529C44576001227BB /* Liko_TAUITests.swift */,
				25A4B00729C44576001227BB /* Liko_TAUITestsLaunchTests.swift */,
			);
			path = Liko_TAUITests;
			sourceTree = "<group>";
		};
/* End PBXGroup section */

/* Begin PBXNativeTarget section */
		25A4AFE629C44575001227BB /* Liko_TA */ = {
			isa = PBXNativeTarget;
			buildConfigurationList = 25A4B00B29C44576001227BB /* Build configuration list for PBXNativeTarget "Liko_TA" */;
			buildPhases = (
				25A4AFE329C44575001227BB /* Sources */,
				25A4AFE429C44575001227BB /* Frameworks */,
				25A4AFE529C44575001227BB /* Resources */,
			);
			buildRules = (
			);
			dependencies = (
			);
			name = Liko_TA;
			packageProductDependencies = (
				2525DBA129D4AA080083AB91 /* FirebaseAppCheck */,
				2525DBA329D4AA080083AB91 /* FirebaseAppDistribution-Beta */,
				2525DBA529D4AA080083AB91 /* FirebaseAuth */,
				2525DBA729D4AA080083AB91 /* FirebaseAuthCombine-Community */,
				2525DBA929D4AA080083AB91 /* FirebaseDatabase */,
				2525DBAB29D4AA080083AB91 /* FirebaseDatabaseSwift */,
				2525DBAD29D4AA080083AB91 /* FirebaseFirestore */,
				2525DBAF29D4AA080083AB91 /* FirebaseFirestoreCombine-Community */,
				2525DBB129D4AA080083AB91 /* FirebaseFirestoreSwift */,
				2525DBB329D4AA080083AB91 /* FirebaseStorage */,
				2525DBB529D4AA080083AB91 /* FirebaseStorageCombine-Community */,
			);
			productName = Liko_TA;
			productReference = 25A4AFE729C44575001227BB /* Liko_TA.app */;
			productType = "com.apple.product-type.application";
		};
		25A4AFF629C44576001227BB /* Liko_TATests */ = {
			isa = PBXNativeTarget;
			buildConfigurationList = 25A4B00E29C44576001227BB /* Build configuration list for PBXNativeTarget "Liko_TATests" */;
			buildPhases = (
				25A4AFF329C44576001227BB /* Sources */,
				25A4AFF429C44576001227BB /* Frameworks */,
				25A4AFF529C44576001227BB /* Resources */,
			);
			buildRules = (
			);
			dependencies = (
				25A4AFF929C44576001227BB /* PBXTargetDependency */,
			);
			name = Liko_TATests;
			productName = Liko_TATests;
			productReference = 25A4AFF729C44576001227BB /* Liko_TATests.xctest */;
			productType = "com.apple.product-type.bundle.unit-test";
		};
		25A4B00029C44576001227BB /* Liko_TAUITests */ = {
			isa = PBXNativeTarget;
			buildConfigurationList = 25A4B01129C44576001227BB /* Build configuration list for PBXNativeTarget "Liko_TAUITests" */;
			buildPhases = (
				25A4AFFD29C44576001227BB /* Sources */,
				25A4AFFE29C44576001227BB /* Frameworks */,
				25A4AFFF29C44576001227BB /* Resources */,
			);
			buildRules = (
			);
			dependencies = (
				25A4B00329C44576001227BB /* PBXTargetDependency */,
			);
			name = Liko_TAUITests;
			productName = Liko_TAUITests;
			productReference = 25A4B00129C44576001227BB /* Liko_TAUITests.xctest */;
			productType = "com.apple.product-type.bundle.ui-testing";
		};
/* End PBXNativeTarget section */

/* Begin PBXProject section */
		25A4AFDF29C44575001227BB /* Project object */ = {
			isa = PBXProject;
			attributes = {
				BuildIndependentTargetsInParallel = 1;
				LastSwiftUpdateCheck = 1420;
				LastUpgradeCheck = 1420;
				TargetAttributes = {
					25A4AFE629C44575001227BB = {
						CreatedOnToolsVersion = 14.2;
					};
					25A4AFF629C44576001227BB = {
						CreatedOnToolsVersion = 14.2;
						TestTargetID = 25A4AFE629C44575001227BB;
					};
					25A4B00029C44576001227BB = {
						CreatedOnToolsVersion = 14.2;
						TestTargetID = 25A4AFE629C44575001227BB;
					};
				};
			};
			buildConfigurationList = 25A4AFE229C44575001227BB /* Build configuration list for PBXProject "Liko_TA" */;
			compatibilityVersion = "Xcode 14.0";
			developmentRegion = en;
			hasScannedForEncodings = 0;
			knownRegions = (
				en,
				Base,
			);
			mainGroup = 25A4AFDE29C44575001227BB;
			packageReferences = (
				2525DBA029D4AA080083AB91 /* XCRemoteSwiftPackageReference "firebase-ios-sdk" */,
			);
			productRefGroup = 25A4AFE829C44575001227BB /* Products */;
			projectDirPath = "";
			projectRoot = "";
			targets = (
				25A4AFE629C44575001227BB /* Liko_TA */,
				25A4AFF629C44576001227BB /* Liko_TATests */,
				25A4B00029C44576001227BB /* Liko_TAUITests */,
			);
		};
/* End PBXProject section */

/* Begin PBXResourcesBuildPhase section */
		25A4AFE529C44575001227BB /* Resources */ = {
			isa = PBXResourcesBuildPhase;
			buildActionMask = 2147483647;
			files = (
				25A4AFF229C44576001227BB /* Preview Assets.xcassets in Resources */,
				25A4AFEF29C44576001227BB /* Assets.xcassets in Resources */,
				2594AE612A04342D0067B752 /* GoogleService-Info.plist in Resources */,
			);
			runOnlyForDeploymentPostprocessing = 0;
		};
		25A4AFF529C44576001227BB /* Resources */ = {
			isa = PBXResourcesBuildPhase;
			buildActionMask = 2147483647;
			files = (
			);
			runOnlyForDeploymentPostprocessing = 0;
		};
		25A4AFFF29C44576001227BB /* Resources */ = {
			isa = PBXResourcesBuildPhase;
			buildActionMask = 2147483647;
			files = (
			);
			runOnlyForDeploymentPostprocessing = 0;
		};
/* End PBXResourcesBuildPhase section */

/* Begin PBXSourcesBuildPhase section */
		25A4AFE329C44575001227BB /* Sources */ = {
			isa = PBXSourcesBuildPhase;
			buildActionMask = 2147483647;
			files = (
				253C02DC2A06B2800085058C /* ReportCardView.swift in Sources */,
				25113E8329EB523700991DB9 /* CardView.swift in Sources */,
				25113E8529EC79C300991DB9 /* ReportsView.swift in Sources */,
				25113E7D29EB4F8F00991DB9 /* MainScreen.swift in Sources */,
				25113E7229E0860B00991DB9 /* Textfield.swift in Sources */,
				25A4AFED29C44575001227BB /* ContentView.swift in Sources */,
				25113E6929DDD91500991DB9 /* Color.swift in Sources */,
				2525DBBC29D4AD3E0083AB91 /* LoginPage.swift in Sources */,
				253C02E12A06BCE70085058C /* AddBudgetModalView.swift in Sources */,
				25113E6D29DF364300991DB9 /* RegisterPage.swift in Sources */,
				25113E8129EB515700991DB9 /* AddExpenseMainView.swift in Sources */,
				25113E6B29DDEBEC00991DB9 /* OnboardingView.swift in Sources */,
				25113E7429E0868100991DB9 /* InputIncomeView.swift in Sources */,
				25A4AFEB29C44575001227BB /* Liko_TAApp.swift in Sources */,
				25113E7B29EB4E6F00991DB9 /* RecommendationCardView.swift in Sources */,
				25113E7629E2BAB200991DB9 /* SetupBudgetView.swift in Sources */,
				25113E7929EB4D4B00991DB9 /* SisaUangCardView.swift in Sources */,
				253C02E32A06D8550085058C /* CardExpensesView.swift in Sources */,
			);
			runOnlyForDeploymentPostprocessing = 0;
		};
		25A4AFF329C44576001227BB /* Sources */ = {
			isa = PBXSourcesBuildPhase;
			buildActionMask = 2147483647;
			files = (
				25A4AFFC29C44576001227BB /* Liko_TATests.swift in Sources */,
			);
			runOnlyForDeploymentPostprocessing = 0;
		};
		25A4AFFD29C44576001227BB /* Sources */ = {
			isa = PBXSourcesBuildPhase;
			buildActionMask = 2147483647;
			files = (
				25A4B00829C44576001227BB /* Liko_TAUITestsLaunchTests.swift in Sources */,
				25A4B00629C44576001227BB /* Liko_TAUITests.swift in Sources */,
			);
			runOnlyForDeploymentPostprocessing = 0;
		};
/* End PBXSourcesBuildPhase section */

/* Begin PBXTargetDependency section */
		25A4AFF929C44576001227BB /* PBXTargetDependency */ = {
			isa = PBXTargetDependency;
			target = 25A4AFE629C44575001227BB /* Liko_TA */;
			targetProxy = 25A4AFF829C44576001227BB /* PBXContainerItemProxy */;
		};
		25A4B00329C44576001227BB /* PBXTargetDependency */ = {
			isa = PBXTargetDependency;
			target = 25A4AFE629C44575001227BB /* Liko_TA */;
			targetProxy = 25A4B00229C44576001227BB /* PBXContainerItemProxy */;
		};
/* End PBXTargetDependency section */

/* Begin XCBuildConfiguration section */
		25A4B00929C44576001227BB /* Debug */ = {
			isa = XCBuildConfiguration;
			buildSettings = {
				ALWAYS_SEARCH_USER_PATHS = NO;
				CLANG_ANALYZER_NONNULL = YES;
				CLANG_ANALYZER_NUMBER_OBJECT_CONVERSION = YES_AGGRESSIVE;
				CLANG_CXX_LANGUAGE_STANDARD = "gnu++20";
				CLANG_ENABLE_MODULES = YES;
				CLANG_ENABLE_OBJC_ARC = YES;
				CLANG_ENABLE_OBJC_WEAK = YES;
				CLANG_WARN_BLOCK_CAPTURE_AUTORELEASING = YES;
				CLANG_WARN_BOOL_CONVERSION = YES;
				CLANG_WARN_COMMA = YES;
				CLANG_WARN_CONSTANT_CONVERSION = YES;
				CLANG_WARN_DEPRECATED_OBJC_IMPLEMENTATIONS = YES;
				CLANG_WARN_DIRECT_OBJC_ISA_USAGE = YES_ERROR;
				CLANG_WARN_DOCUMENTATION_COMMENTS = YES;
				CLANG_WARN_EMPTY_BODY = YES;
				CLANG_WARN_ENUM_CONVERSION = YES;
				CLANG_WARN_INFINITE_RECURSION = YES;
				CLANG_WARN_INT_CONVERSION = YES;
				CLANG_WARN_NON_LITERAL_NULL_CONVERSION = YES;
				CLANG_WARN_OBJC_IMPLICIT_RETAIN_SELF = YES;
				CLANG_WARN_OBJC_LITERAL_CONVERSION = YES;
				CLANG_WARN_OBJC_ROOT_CLASS = YES_ERROR;
				CLANG_WARN_QUOTED_INCLUDE_IN_FRAMEWORK_HEADER = YES;
				CLANG_WARN_RANGE_LOOP_ANALYSIS = YES;
				CLANG_WARN_STRICT_PROTOTYPES = YES;
				CLANG_WARN_SUSPICIOUS_MOVE = YES;
				CLANG_WARN_UNGUARDED_AVAILABILITY = YES_AGGRESSIVE;
				CLANG_WARN_UNREACHABLE_CODE = YES;
				CLANG_WARN__DUPLICATE_METHOD_MATCH = YES;
				COPY_PHASE_STRIP = NO;
				DEBUG_INFORMATION_FORMAT = dwarf;
				ENABLE_STRICT_OBJC_MSGSEND = YES;
				ENABLE_TESTABILITY = YES;
				GCC_C_LANGUAGE_STANDARD = gnu11;
				GCC_DYNAMIC_NO_PIC = NO;
				GCC_NO_COMMON_BLOCKS = YES;
				GCC_OPTIMIZATION_LEVEL = 0;
				GCC_PREPROCESSOR_DEFINITIONS = (
					"DEBUG=1",
					"$(inherited)",
				);
				GCC_WARN_64_TO_32_BIT_CONVERSION = YES;
				GCC_WARN_ABOUT_RETURN_TYPE = YES_ERROR;
				GCC_WARN_UNDECLARED_SELECTOR = YES;
				GCC_WARN_UNINITIALIZED_AUTOS = YES_AGGRESSIVE;
				GCC_WARN_UNUSED_FUNCTION = YES;
				GCC_WARN_UNUSED_VARIABLE = YES;
				IPHONEOS_DEPLOYMENT_TARGET = 16.2;
				MTL_ENABLE_DEBUG_INFO = INCLUDE_SOURCE;
				MTL_FAST_MATH = YES;
				ONLY_ACTIVE_ARCH = YES;
				SDKROOT = iphoneos;
				SWIFT_ACTIVE_COMPILATION_CONDITIONS = DEBUG;
				SWIFT_OPTIMIZATION_LEVEL = "-Onone";
			};
			name = Debug;
		};
		25A4B00A29C44576001227BB /* Release */ = {
			isa = XCBuildConfiguration;
			buildSettings = {
				ALWAYS_SEARCH_USER_PATHS = NO;
				CLANG_ANALYZER_NONNULL = YES;
				CLANG_ANALYZER_NUMBER_OBJECT_CONVERSION = YES_AGGRESSIVE;
				CLANG_CXX_LANGUAGE_STANDARD = "gnu++20";
				CLANG_ENABLE_MODULES = YES;
				CLANG_ENABLE_OBJC_ARC = YES;
				CLANG_ENABLE_OBJC_WEAK = YES;
				CLANG_WARN_BLOCK_CAPTURE_AUTORELEASING = YES;
				CLANG_WARN_BOOL_CONVERSION = YES;
				CLANG_WARN_COMMA = YES;
				CLANG_WARN_CONSTANT_CONVERSION = YES;
				CLANG_WARN_DEPRECATED_OBJC_IMPLEMENTATIONS = YES;
				CLANG_WARN_DIRECT_OBJC_ISA_USAGE = YES_ERROR;
				CLANG_WARN_DOCUMENTATION_COMMENTS = YES;
				CLANG_WARN_EMPTY_BODY = YES;
				CLANG_WARN_ENUM_CONVERSION = YES;
				CLANG_WARN_INFINITE_RECURSION = YES;
				CLANG_WARN_INT_CONVERSION = YES;
				CLANG_WARN_NON_LITERAL_NULL_CONVERSION = YES;
				CLANG_WARN_OBJC_IMPLICIT_RETAIN_SELF = YES;
				CLANG_WARN_OBJC_LITERAL_CONVERSION = YES;
				CLANG_WARN_OBJC_ROOT_CLASS = YES_ERROR;
				CLANG_WARN_QUOTED_INCLUDE_IN_FRAMEWORK_HEADER = YES;
				CLANG_WARN_RANGE_LOOP_ANALYSIS = YES;
				CLANG_WARN_STRICT_PROTOTYPES = YES;
				CLANG_WARN_SUSPICIOUS_MOVE = YES;
				CLANG_WARN_UNGUARDED_AVAILABILITY = YES_AGGRESSIVE;
				CLANG_WARN_UNREACHABLE_CODE = YES;
				CLANG_WARN__DUPLICATE_METHOD_MATCH = YES;
				COPY_PHASE_STRIP = NO;
				DEBUG_INFORMATION_FORMAT = "dwarf-with-dsym";
				ENABLE_NS_ASSERTIONS = NO;
				ENABLE_STRICT_OBJC_MSGSEND = YES;
				GCC_C_LANGUAGE_STANDARD = gnu11;
				GCC_NO_COMMON_BLOCKS = YES;
				GCC_WARN_64_TO_32_BIT_CONVERSION = YES;
				GCC_WARN_ABOUT_RETURN_TYPE = YES_ERROR;
				GCC_WARN_UNDECLARED_SELECTOR = YES;
				GCC_WARN_UNINITIALIZED_AUTOS = YES_AGGRESSIVE;
				GCC_WARN_UNUSED_FUNCTION = YES;
				GCC_WARN_UNUSED_VARIABLE = YES;
				IPHONEOS_DEPLOYMENT_TARGET = 16.2;
				MTL_ENABLE_DEBUG_INFO = NO;
				MTL_FAST_MATH = YES;
				SDKROOT = iphoneos;
				SWIFT_COMPILATION_MODE = wholemodule;
				SWIFT_OPTIMIZATION_LEVEL = "-O";
				VALIDATE_PRODUCT = YES;
			};
			name = Release;
		};
		25A4B00C29C44576001227BB /* Debug */ = {
			isa = XCBuildConfiguration;
			buildSettings = {
				ASSETCATALOG_COMPILER_APPICON_NAME = AppIcon;
				ASSETCATALOG_COMPILER_GLOBAL_ACCENT_COLOR_NAME = AccentColor;
				CODE_SIGN_STYLE = Automatic;
				CURRENT_PROJECT_VERSION = 1;
				DEVELOPMENT_ASSET_PATHS = "\"Liko_TA/Preview Content\"";
				DEVELOPMENT_TEAM = V87M9TA2X6;
				ENABLE_PREVIEWS = YES;
				GENERATE_INFOPLIST_FILE = YES;
				INFOPLIST_KEY_UIApplicationSceneManifest_Generation = YES;
				INFOPLIST_KEY_UIApplicationSupportsIndirectInputEvents = YES;
				INFOPLIST_KEY_UILaunchScreen_Generation = YES;
				INFOPLIST_KEY_UISupportedInterfaceOrientations_iPad = "UIInterfaceOrientationPortrait UIInterfaceOrientationPortraitUpsideDown UIInterfaceOrientationLandscapeLeft UIInterfaceOrientationLandscapeRight";
				INFOPLIST_KEY_UISupportedInterfaceOrientations_iPhone = "UIInterfaceOrientationPortrait UIInterfaceOrientationLandscapeLeft UIInterfaceOrientationLandscapeRight";
				LD_RUNPATH_SEARCH_PATHS = (
					"$(inherited)",
					"@executable_path/Frameworks",
				);
				MARKETING_VERSION = 1.0;
				PRODUCT_BUNDLE_IDENTIFIER = "com.iplayallday.Liko-TA";
				PRODUCT_NAME = "$(TARGET_NAME)";
				SWIFT_EMIT_LOC_STRINGS = YES;
				SWIFT_VERSION = 5.0;
				TARGETED_DEVICE_FAMILY = "1,2";
			};
			name = Debug;
		};
		25A4B00D29C44576001227BB /* Release */ = {
			isa = XCBuildConfiguration;
			buildSettings = {
				ASSETCATALOG_COMPILER_APPICON_NAME = AppIcon;
				ASSETCATALOG_COMPILER_GLOBAL_ACCENT_COLOR_NAME = AccentColor;
				CODE_SIGN_STYLE = Automatic;
				CURRENT_PROJECT_VERSION = 1;
				DEVELOPMENT_ASSET_PATHS = "\"Liko_TA/Preview Content\"";
				DEVELOPMENT_TEAM = V87M9TA2X6;
				ENABLE_PREVIEWS = YES;
				GENERATE_INFOPLIST_FILE = YES;
				INFOPLIST_KEY_UIApplicationSceneManifest_Generation = YES;
				INFOPLIST_KEY_UIApplicationSupportsIndirectInputEvents = YES;
				INFOPLIST_KEY_UILaunchScreen_Generation = YES;
				INFOPLIST_KEY_UISupportedInterfaceOrientations_iPad = "UIInterfaceOrientationPortrait UIInterfaceOrientationPortraitUpsideDown UIInterfaceOrientationLandscapeLeft UIInterfaceOrientationLandscapeRight";
				INFOPLIST_KEY_UISupportedInterfaceOrientations_iPhone = "UIInterfaceOrientationPortrait UIInterfaceOrientationLandscapeLeft UIInterfaceOrientationLandscapeRight";
				LD_RUNPATH_SEARCH_PATHS = (
					"$(inherited)",
					"@executable_path/Frameworks",
				);
				MARKETING_VERSION = 1.0;
				PRODUCT_BUNDLE_IDENTIFIER = "com.iplayallday.Liko-TA";
				PRODUCT_NAME = "$(TARGET_NAME)";
				SWIFT_EMIT_LOC_STRINGS = YES;
				SWIFT_VERSION = 5.0;
				TARGETED_DEVICE_FAMILY = "1,2";
			};
			name = Release;
		};
		25A4B00F29C44576001227BB /* Debug */ = {
			isa = XCBuildConfiguration;
			buildSettings = {
				ALWAYS_EMBED_SWIFT_STANDARD_LIBRARIES = YES;
				BUNDLE_LOADER = "$(TEST_HOST)";
				CODE_SIGN_STYLE = Automatic;
				CURRENT_PROJECT_VERSION = 1;
				GENERATE_INFOPLIST_FILE = YES;
				IPHONEOS_DEPLOYMENT_TARGET = 16.2;
				MARKETING_VERSION = 1.0;
				PRODUCT_BUNDLE_IDENTIFIER = "com.iplayallday.Liko-TATests";
				PRODUCT_NAME = "$(TARGET_NAME)";
				SWIFT_EMIT_LOC_STRINGS = NO;
				SWIFT_VERSION = 5.0;
				TARGETED_DEVICE_FAMILY = "1,2";
				TEST_HOST = "$(BUILT_PRODUCTS_DIR)/Liko_TA.app/$(BUNDLE_EXECUTABLE_FOLDER_PATH)/Liko_TA";
			};
			name = Debug;
		};
		25A4B01029C44576001227BB /* Release */ = {
			isa = XCBuildConfiguration;
			buildSettings = {
				ALWAYS_EMBED_SWIFT_STANDARD_LIBRARIES = YES;
				BUNDLE_LOADER = "$(TEST_HOST)";
				CODE_SIGN_STYLE = Automatic;
				CURRENT_PROJECT_VERSION = 1;
				GENERATE_INFOPLIST_FILE = YES;
				IPHONEOS_DEPLOYMENT_TARGET = 16.2;
				MARKETING_VERSION = 1.0;
				PRODUCT_BUNDLE_IDENTIFIER = "com.iplayallday.Liko-TATests";
				PRODUCT_NAME = "$(TARGET_NAME)";
				SWIFT_EMIT_LOC_STRINGS = NO;
				SWIFT_VERSION = 5.0;
				TARGETED_DEVICE_FAMILY = "1,2";
				TEST_HOST = "$(BUILT_PRODUCTS_DIR)/Liko_TA.app/$(BUNDLE_EXECUTABLE_FOLDER_PATH)/Liko_TA";
			};
			name = Release;
		};
		25A4B01229C44576001227BB /* Debug */ = {
			isa = XCBuildConfiguration;
			buildSettings = {
				ALWAYS_EMBED_SWIFT_STANDARD_LIBRARIES = YES;
				CODE_SIGN_STYLE = Automatic;
				CURRENT_PROJECT_VERSION = 1;
				GENERATE_INFOPLIST_FILE = YES;
				MARKETING_VERSION = 1.0;
				PRODUCT_BUNDLE_IDENTIFIER = "com.iplayallday.Liko-TAUITests";
				PRODUCT_NAME = "$(TARGET_NAME)";
				SWIFT_EMIT_LOC_STRINGS = NO;
				SWIFT_VERSION = 5.0;
				TARGETED_DEVICE_FAMILY = "1,2";
				TEST_TARGET_NAME = Liko_TA;
			};
			name = Debug;
		};
		25A4B01329C44576001227BB /* Release */ = {
			isa = XCBuildConfiguration;
			buildSettings = {
				ALWAYS_EMBED_SWIFT_STANDARD_LIBRARIES = YES;
				CODE_SIGN_STYLE = Automatic;
				CURRENT_PROJECT_VERSION = 1;
				GENERATE_INFOPLIST_FILE = YES;
				MARKETING_VERSION = 1.0;
				PRODUCT_BUNDLE_IDENTIFIER = "com.iplayallday.Liko-TAUITests";
				PRODUCT_NAME = "$(TARGET_NAME)";
				SWIFT_EMIT_LOC_STRINGS = NO;
				SWIFT_VERSION = 5.0;
				TARGETED_DEVICE_FAMILY = "1,2";
				TEST_TARGET_NAME = Liko_TA;
			};
			name = Release;
		};
/* End XCBuildConfiguration section */

/* Begin XCConfigurationList section */
		25A4AFE229C44575001227BB /* Build configuration list for PBXProject "Liko_TA" */ = {
			isa = XCConfigurationList;
			buildConfigurations = (
				25A4B00929C44576001227BB /* Debug */,
				25A4B00A29C44576001227BB /* Release */,
			);
			defaultConfigurationIsVisible = 0;
			defaultConfigurationName = Release;
		};
		25A4B00B29C44576001227BB /* Build configuration list for PBXNativeTarget "Liko_TA" */ = {
			isa = XCConfigurationList;
			buildConfigurations = (
				25A4B00C29C44576001227BB /* Debug */,
				25A4B00D29C44576001227BB /* Release */,
			);
			defaultConfigurationIsVisible = 0;
			defaultConfigurationName = Release;
		};
		25A4B00E29C44576001227BB /* Build configuration list for PBXNativeTarget "Liko_TATests" */ = {
			isa = XCConfigurationList;
			buildConfigurations = (
				25A4B00F29C44576001227BB /* Debug */,
				25A4B01029C44576001227BB /* Release */,
			);
			defaultConfigurationIsVisible = 0;
			defaultConfigurationName = Release;
		};
		25A4B01129C44576001227BB /* Build configuration list for PBXNativeTarget "Liko_TAUITests" */ = {
			isa = XCConfigurationList;
			buildConfigurations = (
				25A4B01229C44576001227BB /* Debug */,
				25A4B01329C44576001227BB /* Release */,
			);
			defaultConfigurationIsVisible = 0;
			defaultConfigurationName = Release;
		};
/* End XCConfigurationList section */

/* Begin XCRemoteSwiftPackageReference section */
		2525DBA029D4AA080083AB91 /* XCRemoteSwiftPackageReference "firebase-ios-sdk" */ = {
			isa = XCRemoteSwiftPackageReference;
			repositoryURL = "https://github.com/firebase/firebase-ios-sdk";
			requirement = {
				branch = master;
				kind = branch;
			};
		};
/* End XCRemoteSwiftPackageReference section */

/* Begin XCSwiftPackageProductDependency section */
		2525DBA129D4AA080083AB91 /* FirebaseAppCheck */ = {
			isa = XCSwiftPackageProductDependency;
			package = 2525DBA029D4AA080083AB91 /* XCRemoteSwiftPackageReference "firebase-ios-sdk" */;
			productName = FirebaseAppCheck;
		};
		2525DBA329D4AA080083AB91 /* FirebaseAppDistribution-Beta */ = {
			isa = XCSwiftPackageProductDependency;
			package = 2525DBA029D4AA080083AB91 /* XCRemoteSwiftPackageReference "firebase-ios-sdk" */;
			productName = "FirebaseAppDistribution-Beta";
		};
		2525DBA529D4AA080083AB91 /* FirebaseAuth */ = {
			isa = XCSwiftPackageProductDependency;
			package = 2525DBA029D4AA080083AB91 /* XCRemoteSwiftPackageReference "firebase-ios-sdk" */;
			productName = FirebaseAuth;
		};
		2525DBA729D4AA080083AB91 /* FirebaseAuthCombine-Community */ = {
			isa = XCSwiftPackageProductDependency;
			package = 2525DBA029D4AA080083AB91 /* XCRemoteSwiftPackageReference "firebase-ios-sdk" */;
			productName = "FirebaseAuthCombine-Community";
		};
		2525DBA929D4AA080083AB91 /* FirebaseDatabase */ = {
			isa = XCSwiftPackageProductDependency;
			package = 2525DBA029D4AA080083AB91 /* XCRemoteSwiftPackageReference "firebase-ios-sdk" */;
			productName = FirebaseDatabase;
		};
		2525DBAB29D4AA080083AB91 /* FirebaseDatabaseSwift */ = {
			isa = XCSwiftPackageProductDependency;
			package = 2525DBA029D4AA080083AB91 /* XCRemoteSwiftPackageReference "firebase-ios-sdk" */;
			productName = FirebaseDatabaseSwift;
		};
		2525DBAD29D4AA080083AB91 /* FirebaseFirestore */ = {
			isa = XCSwiftPackageProductDependency;
			package = 2525DBA029D4AA080083AB91 /* XCRemoteSwiftPackageReference "firebase-ios-sdk" */;
			productName = FirebaseFirestore;
		};
		2525DBAF29D4AA080083AB91 /* FirebaseFirestoreCombine-Community */ = {
			isa = XCSwiftPackageProductDependency;
			package = 2525DBA029D4AA080083AB91 /* XCRemoteSwiftPackageReference "firebase-ios-sdk" */;
			productName = "FirebaseFirestoreCombine-Community";
		};
		2525DBB129D4AA080083AB91 /* FirebaseFirestoreSwift */ = {
			isa = XCSwiftPackageProductDependency;
			package = 2525DBA029D4AA080083AB91 /* XCRemoteSwiftPackageReference "firebase-ios-sdk" */;
			productName = FirebaseFirestoreSwift;
		};
		2525DBB329D4AA080083AB91 /* FirebaseStorage */ = {
			isa = XCSwiftPackageProductDependency;
			package = 2525DBA029D4AA080083AB91 /* XCRemoteSwiftPackageReference "firebase-ios-sdk" */;
			productName = FirebaseStorage;
		};
		2525DBB529D4AA080083AB91 /* FirebaseStorageCombine-Community */ = {
			isa = XCSwiftPackageProductDependency;
			package = 2525DBA029D4AA080083AB91 /* XCRemoteSwiftPackageReference "firebase-ios-sdk" */;
			productName = "FirebaseStorageCombine-Community";
		};
/* End XCSwiftPackageProductDependency section */
	};
	rootObject = 25A4AFDF29C44575001227BB /* Project object */;
}
